
Microsoft Visual Studio Solution File, Format Version 12.00
# Visual Studio 2013
VisualStudioVersion = 12.0.30723.0
MinimumVisualStudioVersion = 10.0.40219.1
Project("{FAE04EC0-301F-11D3-BF4B-00C04F79EFBC}") = "CopyDirectory", "CopyDirectory\CopyDirectory.csproj", "{C48ADC0B-2F8D-4BB5-91A3-CDF1A467D598}"
EndProject
Global
	GlobalSection(SolutionConfigurationPlatforms) = preSolution
		Debug|Any CPU = Debug|Any CPU
		Release|Any CPU = Release|Any CPU
	EndGlobalSection
	GlobalSection(ProjectConfigurationPlatforms) = postSolution
		{C48ADC0B-2F8D-4BB5-91A3-CDF1A467D598}.Debug|Any CPU.ActiveCfg = Debug|Any CPU
		{C48ADC0B-2F8D-4BB5-91A3-CDF1A467D598}.Debug|Any CPU.Build.0 = Debug|Any CPU
		{C48ADC0B-2F8D-4BB5-91A3-CDF1A467D598}.Release|Any CPU.ActiveCfg = Release|Any CPU
		{C48ADC0B-2F8D-4BB5-91A3-CDF1A467D598}.Release|Any CPU.Build.0 = Release|Any CPU
	EndGlobalSection
	GlobalSection(SolutionProperties) = preSolution
		HideSolutionNode = FALSE
	EndGlobalSection
EndGlobal
